
Microsoft Visual Studio Solution File, Format Version 12.00
# Visual Studio 15
VisualStudioVersion = 15.0.28307.421
MinimumVisualStudioVersion = 10.0.40219.1
Project("{FAE04EC0-301F-11D3-BF4B-00C04F79EFBC}") = "ClassLibrary1", "ClassLibrary1\ClassLibrary1.csproj", "{E2FE4B97-9519-49A2-BB63-1B39FC3C854C}"
EndProject
Project("{FAE04EC0-301F-11D3-BF4B-00C04F79EFBC}") = "UnitTestProject1", "UnitTestProject1\UnitTestProject1.csproj", "{1296ADF7-921F-4A13-A839-77DA1D1FBC4B}"
EndProject
Global
	GlobalSection(SolutionConfigurationPlatforms) = preSolution
		Debug|Any CPU = Debug|Any CPU
		Release|Any CPU = Release|Any CPU
	EndGlobalSection
	GlobalSection(ProjectConfigurationPlatforms) = postSolution
		{E2FE4B97-9519-49A2-BB63-1B39FC3C854C}.Debug|Any CPU.ActiveCfg = Debug|Any CPU
		{E2FE4B97-9519-49A2-BB63-1B39FC3C854C}.Debug|Any CPU.Build.0 = Debug|Any CPU
		{E2FE4B97-9519-49A2-BB63-1B39FC3C854C}.Release|Any CPU.ActiveCfg = Release|Any CPU
		{E2FE4B97-9519-49A2-BB63-1B39FC3C854C}.Release|Any CPU.Build.0 = Release|Any CPU
		{1296ADF7-921F-4A13-A839-77DA1D1FBC4B}.Debug|Any CPU.ActiveCfg = Debug|Any CPU
		{1296ADF7-921F-4A13-A839-77DA1D1FBC4B}.Debug|Any CPU.Build.0 = Debug|Any CPU
		{1296ADF7-921F-4A13-A839-77DA1D1FBC4B}.Release|Any CPU.ActiveCfg = Release|Any CPU
		{1296ADF7-921F-4A13-A839-77DA1D1FBC4B}.Release|Any CPU.Build.0 = Release|Any CPU
	EndGlobalSection
	GlobalSection(SolutionProperties) = preSolution
		HideSolutionNode = FALSE
	EndGlobalSection
	GlobalSection(ExtensibilityGlobals) = postSolution
		SolutionGuid = {18C7AD44-4806-4715-A1EE-EE8305B5D7DC}
	EndGlobalSection
EndGlobal
